
Microsoft Visual Studio Solution File, Format Version 12.00
# Visual Studio Version 17
VisualStudioVersion = 17.0.31903.59
MinimumVisualStudioVersion = 10.0.40219.1
Project("{2150E333-8FDC-42A3-9474-1A3956D46DE8}") = "src", "src", "{827E0CD3-B72D-47B6-A68D-7590B98EB39B}"
EndProject
Project("{FAE04EC0-301F-11D3-BF4B-00C04F79EFBC}") = "InfraPilot.Contracts", "src\InfraPilot.Contracts\InfraPilot.Contracts.csproj", "{01E98B3D-1049-4094-A558-4BD3366F0D37}"
EndProject
Project("{FAE04EC0-301F-11D3-BF4B-00C04F79EFBC}") = "InfraPilot.Agent.Core", "src\InfraPilot.Agent.Core\InfraPilot.Agent.Core.csproj", "{ACFEB9A7-7D02-460F-8A81-672A9C797E64}"
EndProject
Project("{FAE04EC0-301F-11D3-BF4B-00C04F79EFBC}") = "InfraPilot.Agent.Host.Windows", "src\InfraPilot.Agent.Host.Windows\InfraPilot.Agent.Host.Windows.csproj", "{34C28189-D864-4435-98C7-233C7EDC4F89}"
EndProject
Project("{FAE04EC0-301F-11D3-BF4B-00C04F79EFBC}") = "InfraPilot.Capabilities.Abstractions", "src\InfraPilot.Capabilities.Abstractions\InfraPilot.Capabilities.Abstractions.csproj", "{0F0779F4-299F-48B8-967F-7130A76BD6AA}"
EndProject
Project("{FAE04EC0-301F-11D3-BF4B-00C04F79EFBC}") = "InfraPilot.Capabilities.Services.Windows", "src\InfraPilot.Capabilities.Services.Windows\InfraPilot.Capabilities.Services.Windows.csproj", "{AA0771FC-9159-43EA-835C-4FAA9E1202DF}"
EndProject
Project("{FAE04EC0-301F-11D3-BF4B-00C04F79EFBC}") = "InfraPilot.Capabilities.ScheduledTasks.Windows", "src\InfraPilot.Capabilities.ScheduledTasks.Windows\InfraPilot.Capabilities.ScheduledTasks.Windows.csproj", "{946F83F2-1784-4146-8FC8-3E3E8F174EA2}"
EndProject
Project("{FAE04EC0-301F-11D3-BF4B-00C04F79EFBC}") = "InfraPilot.Capabilities.FileTree.Windows", "src\InfraPilot.Capabilities.FileTree.Windows\InfraPilot.Capabilities.FileTree.Windows.csproj", "{7B343D5A-3864-420E-AA80-0A2AE88AD7D6}"
EndProject
Project("{FAE04EC0-301F-11D3-BF4B-00C04F79EFBC}") = "InfraPilot.Capabilities.Iis.Windows", "src\InfraPilot.Capabilities.Iis.Windows\InfraPilot.Capabilities.Iis.Windows.csproj", "{60CE9636-457A-4F49-A674-959024776862}"
EndProject
Project("{FAE04EC0-301F-11D3-BF4B-00C04F79EFBC}") = "InfraPilot.Central.Application", "src\InfraPilot.Central.Application\InfraPilot.Central.Application.csproj", "{9CBF8296-9E60-42F7-9F80-584515A3AE70}"
EndProject
Project("{FAE04EC0-301F-11D3-BF4B-00C04F79EFBC}") = "InfraPilot.Central.Api", "src\InfraPilot.Central.Api\InfraPilot.Central.Api.csproj", "{1733324E-319D-4CC6-91A9-00F69A128E3A}"
EndProject
Project("{FAE04EC0-301F-11D3-BF4B-00C04F79EFBC}") = "InfraPilot.Central.Infrastructure.Sqlite", "src\InfraPilot.Central.Infrastructure.Sqlite\InfraPilot.Central.Infrastructure.Sqlite.csproj", "{311CE88E-901D-48F9-8B8C-15DEF9E241C3}"
EndProject
Project("{FAE04EC0-301F-11D3-BF4B-00C04F79EFBC}") = "InfraPilot.Web", "src\InfraPilot.Web\InfraPilot.Web.csproj", "{055521A0-8EE2-43F2-A1E1-57624B501623}"
EndProject
Project("{FAE04EC0-301F-11D3-BF4B-00C04F79EFBC}") = "InfraPilot.Agent.Tests", "tests\InfraPilot.Agent.Tests\InfraPilot.Agent.Tests.csproj", "{7301DD07-33B2-42AC-B60D-A72F02974EB2}"
EndProject
Project("{FAE04EC0-301F-11D3-BF4B-00C04F79EFBC}") = "InfraPilot.Central.Tests", "tests\InfraPilot.Central.Tests\InfraPilot.Central.Tests.csproj", "{336CA03F-2770-4094-82C9-DF4F1BA7410B}"
EndProject
Project("{FAE04EC0-301F-11D3-BF4B-00C04F79EFBC}") = "InfraPilot.Capabilities.Tests", "tests\InfraPilot.Capabilities.Tests\InfraPilot.Capabilities.Tests.csproj", "{6EEACB5C-5F6E-4A71-8005-8E473586A82A}"
EndProject
Project("{FAE04EC0-301F-11D3-BF4B-00C04F79EFBC}") = "InfraPilot.Contracts.Tests", "tests\InfraPilot.Contracts.Tests\InfraPilot.Contracts.Tests.csproj", "{C39847EB-06D4-409E-94D1-4F83841FB2A1}"
EndProject
Project("{FAE04EC0-301F-11D3-BF4B-00C04F79EFBC}") = "InfraPilot.Capabilities.UsersAndGroups.Windows", "src\InfraPilot.Capabilities.UsersAndGroups.Windows\InfraPilot.Capabilities.UsersAndGroups.Windows.csproj", "{84A8E3AC-F9FF-41B7-A3E8-B5B2FB9F697A}"
EndProject
Global
	GlobalSection(SolutionConfigurationPlatforms) = preSolution
		Debug|Any CPU = Debug|Any CPU
		Debug|x64 = Debug|x64
		Debug|x86 = Debug|x86
		Release|Any CPU = Release|Any CPU
		Release|x64 = Release|x64
		Release|x86 = Release|x86
	EndGlobalSection
	GlobalSection(ProjectConfigurationPlatforms) = postSolution
		{01E98B3D-1049-4094-A558-4BD3366F0D37}.Debug|Any CPU.ActiveCfg = Debug|Any CPU
		{01E98B3D-1049-4094-A558-4BD3366F0D37}.Debug|Any CPU.Build.0 = Debug|Any CPU
		{01E98B3D-1049-4094-A558-4BD3366F0D37}.Debug|x64.ActiveCfg = Debug|Any CPU
		{01E98B3D-1049-4094-A558-4BD3366F0D37}.Debug|x64.Build.0 = Debug|Any CPU
		{01E98B3D-1049-4094-A558-4BD3366F0D37}.Debug|x86.ActiveCfg = Debug|Any CPU
		{01E98B3D-1049-4094-A558-4BD3366F0D37}.Debug|x86.Build.0 = Debug|Any CPU
		{01E98B3D-1049-4094-A558-4BD3366F0D37}.Release|Any CPU.ActiveCfg = Release|Any CPU
		{01E98B3D-1049-4094-A558-4BD3366F0D37}.Release|Any CPU.Build.0 = Release|Any CPU
		{01E98B3D-1049-4094-A558-4BD3366F0D37}.Release|x64.ActiveCfg = Release|Any CPU
		{01E98B3D-1049-4094-A558-4BD3366F0D37}.Release|x64.Build.0 = Release|Any CPU
		{01E98B3D-1049-4094-A558-4BD3366F0D37}.Release|x86.ActiveCfg = Release|Any CPU
		{01E98B3D-1049-4094-A558-4BD3366F0D37}.Release|x86.Build.0 = Release|Any CPU
		{ACFEB9A7-7D02-460F-8A81-672A9C797E64}.Debug|Any CPU.ActiveCfg = Debug|Any CPU
		{ACFEB9A7-7D02-460F-8A81-672A9C797E64}.Debug|Any CPU.Build.0 = Debug|Any CPU
		{ACFEB9A7-7D02-460F-8A81-672A9C797E64}.Debug|x64.ActiveCfg = Debug|Any CPU
		{ACFEB9A7-7D02-460F-8A81-672A9C797E64}.Debug|x64.Build.0 = Debug|Any CPU
		{ACFEB9A7-7D02-460F-8A81-672A9C797E64}.Debug|x86.ActiveCfg = Debug|Any CPU
		{ACFEB9A7-7D02-460F-8A81-672A9C797E64}.Debug|x86.Build.0 = Debug|Any CPU
		{ACFEB9A7-7D02-460F-8A81-672A9C797E64}.Release|Any CPU.ActiveCfg = Release|Any CPU
		{ACFEB9A7-7D02-460F-8A81-672A9C797E64}.Release|Any CPU.Build.0 = Release|Any CPU
		{ACFEB9A7-7D02-460F-8A81-672A9C797E64}.Release|x64.ActiveCfg = Release|Any CPU
		{ACFEB9A7-7D02-460F-8A81-672A9C797E64}.Release|x64.Build.0 = Release|Any CPU
		{ACFEB9A7-7D02-460F-8A81-672A9C797E64}.Release|x86.ActiveCfg = Release|Any CPU
		{ACFEB9A7-7D02-460F-8A81-672A9C797E64}.Release|x86.Build.0 = Release|Any CPU
		{34C28189-D864-4435-98C7-233C7EDC4F89}.Debug|Any CPU.ActiveCfg = Debug|Any CPU
		{34C28189-D864-4435-98C7-233C7EDC4F89}.Debug|Any CPU.Build.0 = Debug|Any CPU
		{34C28189-D864-4435-98C7-233C7EDC4F89}.Debug|x64.ActiveCfg = Debug|Any CPU
		{34C28189-D864-4435-98C7-233C7EDC4F89}.Debug|x64.Build.0 = Debug|Any CPU
		{34C28189-D864-4435-98C7-233C7EDC4F89}.Debug|x86.ActiveCfg = Debug|Any CPU
		{34C28189-D864-4435-98C7-233C7EDC4F89}.Debug|x86.Build.0 = Debug|Any CPU
		{34C28189-D864-4435-98C7-233C7EDC4F89}.Release|Any CPU.ActiveCfg = Release|Any CPU
		{34C28189-D864-4435-98C7-233C7EDC4F89}.Release|Any CPU.Build.0 = Release|Any CPU
		{34C28189-D864-4435-98C7-233C7EDC4F89}.Release|x64.ActiveCfg = Release|Any CPU
		{34C28189-D864-4435-98C7-233C7EDC4F89}.Release|x64.Build.0 = Release|Any CPU
		{34C28189-D864-4435-98C7-233C7EDC4F89}.Release|x86.ActiveCfg = Release|Any CPU
		{34C28189-D864-4435-98C7-233C7EDC4F89}.Release|x86.Build.0 = Release|Any CPU
		{0F0779F4-299F-48B8-967F-7130A76BD6AA}.Debug|Any CPU.ActiveCfg = Debug|Any CPU
		{0F0779F4-299F-48B8-967F-7130A76BD6AA}.Debug|Any CPU.Build.0 = Debug|Any CPU
		{0F0779F4-299F-48B8-967F-7130A76BD6AA}.Debug|x64.ActiveCfg = Debug|Any CPU
		{0F0779F4-299F-48B8-967F-7130A76BD6AA}.Debug|x64.Build.0 = Debug|Any CPU
		{0F0779F4-299F-48B8-967F-7130A76BD6AA}.Debug|x86.ActiveCfg = Debug|Any CPU
		{0F0779F4-299F-48B8-967F-7130A76BD6AA}.Debug|x86.Build.0 = Debug|Any CPU
		{0F0779F4-299F-48B8-967F-7130A76BD6AA}.Release|Any CPU.ActiveCfg = Release|Any CPU
		{0F0779F4-299F-48B8-967F-7130A76BD6AA}.Release|Any CPU.Build.0 = Release|Any CPU
		{0F0779F4-299F-48B8-967F-7130A76BD6AA}.Release|x64.ActiveCfg = Release|Any CPU
		{0F0779F4-299F-48B8-967F-7130A76BD6AA}.Release|x64.Build.0 = Release|Any CPU
		{0F0779F4-299F-48B8-967F-7130A76BD6AA}.Release|x86.ActiveCfg = Release|Any CPU
		{0F0779F4-299F-48B8-967F-7130A76BD6AA}.Release|x86.Build.0 = Release|Any CPU
		{AA0771FC-9159-43EA-835C-4FAA9E1202DF}.Debug|Any CPU.ActiveCfg = Debug|Any CPU
		{AA0771FC-9159-43EA-835C-4FAA9E1202DF}.Debug|Any CPU.Build.0 = Debug|Any CPU
		{AA0771FC-9159-43EA-835C-4FAA9E1202DF}.Debug|x64.ActiveCfg = Debug|Any CPU
		{AA0771FC-9159-43EA-835C-4FAA9E1202DF}.Debug|x64.Build.0 = Debug|Any CPU
		{AA0771FC-9159-43EA-835C-4FAA9E1202DF}.Debug|x86.ActiveCfg = Debug|Any CPU
		{AA0771FC-9159-43EA-835C-4FAA9E1202DF}.Debug|x86.Build.0 = Debug|Any CPU
		{AA0771FC-9159-43EA-835C-4FAA9E1202DF}.Release|Any CPU.ActiveCfg = Release|Any CPU
		{AA0771FC-9159-43EA-835C-4FAA9E1202DF}.Release|Any CPU.Build.0 = Release|Any CPU
		{AA0771FC-9159-43EA-835C-4FAA9E1202DF}.Release|x64.ActiveCfg = Release|Any CPU
		{AA0771FC-9159-43EA-835C-4FAA9E1202DF}.Release|x64.Build.0 = Release|Any CPU
		{AA0771FC-9159-43EA-835C-4FAA9E1202DF}.Release|x86.ActiveCfg = Release|Any CPU
		{AA0771FC-9159-43EA-835C-4FAA9E1202DF}.Release|x86.Build.0 = Release|Any CPU
		{946F83F2-1784-4146-8FC8-3E3E8F174EA2}.Debug|Any CPU.ActiveCfg = Debug|Any CPU
		{946F83F2-1784-4146-8FC8-3E3E8F174EA2}.Debug|Any CPU.Build.0 = Debug|Any CPU
		{946F83F2-1784-4146-8FC8-3E3E8F174EA2}.Debug|x64.ActiveCfg = Debug|Any CPU
		{946F83F2-1784-4146-8FC8-3E3E8F174EA2}.Debug|x64.Build.0 = Debug|Any CPU
		{946F83F2-1784-4146-8FC8-3E3E8F174EA2}.Debug|x86.ActiveCfg = Debug|Any CPU
		{946F83F2-1784-4146-8FC8-3E3E8F174EA2}.Debug|x86.Build.0 = Debug|Any CPU
		{946F83F2-1784-4146-8FC8-3E3E8F174EA2}.Release|Any CPU.ActiveCfg = Release|Any CPU
		{946F83F2-1784-4146-8FC8-3E3E8F174EA2}.Release|Any CPU.Build.0 = Release|Any CPU
		{946F83F2-1784-4146-8FC8-3E3E8F174EA2}.Release|x64.ActiveCfg = Release|Any CPU
		{946F83F2-1784-4146-8FC8-3E3E8F174EA2}.Release|x64.Build.0 = Release|Any CPU
		{946F83F2-1784-4146-8FC8-3E3E8F174EA2}.Release|x86.ActiveCfg = Release|Any CPU
		{946F83F2-1784-4146-8FC8-3E3E8F174EA2}.Release|x86.Build.0 = Release|Any CPU
		{7B343D5A-3864-420E-AA80-0A2AE88AD7D6}.Debug|Any CPU.ActiveCfg = Debug|Any CPU
		{7B343D5A-3864-420E-AA80-0A2AE88AD7D6}.Debug|Any CPU.Build.0 = Debug|Any CPU
		{7B343D5A-3864-420E-AA80-0A2AE88AD7D6}.Debug|x64.ActiveCfg = Debug|Any CPU
		{7B343D5A-3864-420E-AA80-0A2AE88AD7D6}.Debug|x64.Build.0 = Debug|Any CPU
		{7B343D5A-3864-420E-AA80-0A2AE88AD7D6}.Debug|x86.ActiveCfg = Debug|Any CPU
		{7B343D5A-3864-420E-AA80-0A2AE88AD7D6}.Debug|x86.Build.0 = Debug|Any CPU
		{7B343D5A-3864-420E-AA80-0A2AE88AD7D6}.Release|Any CPU.ActiveCfg = Release|Any CPU
		{7B343D5A-3864-420E-AA80-0A2AE88AD7D6}.Release|Any CPU.Build.0 = Release|Any CPU
		{7B343D5A-3864-420E-AA80-0A2AE88AD7D6}.Release|x64.ActiveCfg = Release|Any CPU
		{7B343D5A-3864-420E-AA80-0A2AE88AD7D6}.Release|x64.Build.0 = Release|Any CPU
		{7B343D5A-3864-420E-AA80-0A2AE88AD7D6}.Release|x86.ActiveCfg = Release|Any CPU
		{7B343D5A-3864-420E-AA80-0A2AE88AD7D6}.Release|x86.Build.0 = Release|Any CPU
		{60CE9636-457A-4F49-A674-959024776862}.Debug|Any CPU.ActiveCfg = Debug|Any CPU
		{60CE9636-457A-4F49-A674-959024776862}.Debug|Any CPU.Build.0 = Debug|Any CPU
		{60CE9636-457A-4F49-A674-959024776862}.Debug|x64.ActiveCfg = Debug|Any CPU
		{60CE9636-457A-4F49-A674-959024776862}.Debug|x64.Build.0 = Debug|Any CPU
		{60CE9636-457A-4F49-A674-959024776862}.Debug|x86.ActiveCfg = Debug|Any CPU
		{60CE9636-457A-4F49-A674-959024776862}.Debug|x86.Build.0 = Debug|Any CPU
		{60CE9636-457A-4F49-A674-959024776862}.Release|Any CPU.ActiveCfg = Release|Any CPU
		{60CE9636-457A-4F49-A674-959024776862}.Release|Any CPU.Build.0 = Release|Any CPU
		{60CE9636-457A-4F49-A674-959024776862}.Release|x64.ActiveCfg = Release|Any CPU
		{60CE9636-457A-4F49-A674-959024776862}.Release|x64.Build.0 = Release|Any CPU
		{60CE9636-457A-4F49-A674-959024776862}.Release|x86.ActiveCfg = Release|Any CPU
		{60CE9636-457A-4F49-A674-959024776862}.Release|x86.Build.0 = Release|Any CPU
		{9CBF8296-9E60-42F7-9F80-584515A3AE70}.Debug|Any CPU.ActiveCfg = Debug|Any CPU
		{9CBF8296-9E60-42F7-9F80-584515A3AE70}.Debug|Any CPU.Build.0 = Debug|Any CPU
		{9CBF8296-9E60-42F7-9F80-584515A3AE70}.Debug|x64.ActiveCfg = Debug|Any CPU
		{9CBF8296-9E60-42F7-9F80-584515A3AE70}.Debug|x64.Build.0 = Debug|Any CPU
		{9CBF8296-9E60-42F7-9F80-584515A3AE70}.Debug|x86.ActiveCfg = Debug|Any CPU
		{9CBF8296-9E60-42F7-9F80-584515A3AE70}.Debug|x86.Build.0 = Debug|Any CPU
		{9CBF8296-9E60-42F7-9F80-584515A3AE70}.Release|Any CPU.ActiveCfg = Release|Any CPU
		{9CBF8296-9E60-42F7-9F80-584515A3AE70}.Release|Any CPU.Build.0 = Release|Any CPU
		{9CBF8296-9E60-42F7-9F80-584515A3AE70}.Release|x64.ActiveCfg = Release|Any CPU
		{9CBF8296-9E60-42F7-9F80-584515A3AE70}.Release|x64.Build.0 = Release|Any CPU
		{9CBF8296-9E60-42F7-9F80-584515A3AE70}.Release|x86.ActiveCfg = Release|Any CPU
		{9CBF8296-9E60-42F7-9F80-584515A3AE70}.Release|x86.Build.0 = Release|Any CPU
		{1733324E-319D-4CC6-91A9-00F69A128E3A}.Debug|Any CPU.ActiveCfg = Debug|Any CPU
		{1733324E-319D-4CC6-91A9-00F69A128E3A}.Debug|Any CPU.Build.0 = Debug|Any CPU
		{1733324E-319D-4CC6-91A9-00F69A128E3A}.Debug|x64.ActiveCfg = Debug|Any CPU
		{1733324E-319D-4CC6-91A9-00F69A128E3A}.Debug|x64.Build.0 = Debug|Any CPU
		{1733324E-319D-4CC6-91A9-00F69A128E3A}.Debug|x86.ActiveCfg = Debug|Any CPU
		{1733324E-319D-4CC6-91A9-00F69A128E3A}.Debug|x86.Build.0 = Debug|Any CPU
		{1733324E-319D-4CC6-91A9-00F69A128E3A}.Release|Any CPU.ActiveCfg = Release|Any CPU
		{1733324E-319D-4CC6-91A9-00F69A128E3A}.Release|Any CPU.Build.0 = Release|Any CPU
		{1733324E-319D-4CC6-91A9-00F69A128E3A}.Release|x64.ActiveCfg = Release|Any CPU
		{1733324E-319D-4CC6-91A9-00F69A128E3A}.Release|x64.Build.0 = Release|Any CPU
		{1733324E-319D-4CC6-91A9-00F69A128E3A}.Release|x86.ActiveCfg = Release|Any CPU
		{1733324E-319D-4CC6-91A9-00F69A128E3A}.Release|x86.Build.0 = Release|Any CPU
		{311CE88E-901D-48F9-8B8C-15DEF9E241C3}.Debug|Any CPU.ActiveCfg = Debug|Any CPU
		{311CE88E-901D-48F9-8B8C-15DEF9E241C3}.Debug|Any CPU.Build.0 = Debug|Any CPU
		{311CE88E-901D-48F9-8B8C-15DEF9E241C3}.Debug|x64.ActiveCfg = Debug|Any CPU
		{311CE88E-901D-48F9-8B8C-15DEF9E241C3}.Debug|x64.Build.0 = Debug|Any CPU
		{311CE88E-901D-48F9-8B8C-15DEF9E241C3}.Debug|x86.ActiveCfg = Debug|Any CPU
		{311CE88E-901D-48F9-8B8C-15DEF9E241C3}.Debug|x86.Build.0 = Debug|Any CPU
		{311CE88E-901D-48F9-8B8C-15DEF9E241C3}.Release|Any CPU.ActiveCfg = Release|Any CPU
		{311CE88E-901D-48F9-8B8C-15DEF9E241C3}.Release|Any CPU.Build.0 = Release|Any CPU
		{311CE88E-901D-48F9-8B8C-15DEF9E241C3}.Release|x64.ActiveCfg = Release|Any CPU
		{311CE88E-901D-48F9-8B8C-15DEF9E241C3}.Release|x64.Build.0 = Release|Any CPU
		{311CE88E-901D-48F9-8B8C-15DEF9E241C3}.Release|x86.ActiveCfg = Release|Any CPU
		{311CE88E-901D-48F9-8B8C-15DEF9E241C3}.Release|x86.Build.0 = Release|Any CPU
		{055521A0-8EE2-43F2-A1E1-57624B501623}.Debug|Any CPU.ActiveCfg = Debug|Any CPU
		{055521A0-8EE2-43F2-A1E1-57624B501623}.Debug|Any CPU.Build.0 = Debug|Any CPU
		{055521A0-8EE2-43F2-A1E1-57624B501623}.Debug|x64.ActiveCfg = Debug|Any CPU
		{055521A0-8EE2-43F2-A1E1-57624B501623}.Debug|x64.Build.0 = Debug|Any CPU
		{055521A0-8EE2-43F2-A1E1-57624B501623}.Debug|x86.ActiveCfg = Debug|Any CPU
		{055521A0-8EE2-43F2-A1E1-57624B501623}.Debug|x86.Build.0 = Debug|Any CPU
		{055521A0-8EE2-43F2-A1E1-57624B501623}.Release|Any CPU.ActiveCfg = Release|Any CPU
		{055521A0-8EE2-43F2-A1E1-57624B501623}.Release|Any CPU.Build.0 = Release|Any CPU
		{055521A0-8EE2-43F2-A1E1-57624B501623}.Release|x64.ActiveCfg = Release|Any CPU
		{055521A0-8EE2-43F2-A1E1-57624B501623}.Release|x64.Build.0 = Release|Any CPU
		{055521A0-8EE2-43F2-A1E1-57624B501623}.Release|x86.ActiveCfg = Release|Any CPU
		{055521A0-8EE2-43F2-A1E1-57624B501623}.Release|x86.Build.0 = Release|Any CPU
		{7301DD07-33B2-42AC-B60D-A72F02974EB2}.Debug|Any CPU.ActiveCfg = Debug|Any CPU
		{7301DD07-33B2-42AC-B60D-A72F02974EB2}.Debug|Any CPU.Build.0 = Debug|Any CPU
		{7301DD07-33B2-42AC-B60D-A72F02974EB2}.Debug|x64.ActiveCfg = Debug|Any CPU
		{7301DD07-33B2-42AC-B60D-A72F02974EB2}.Debug|x64.Build.0 = Debug|Any CPU
		{7301DD07-33B2-42AC-B60D-A72F02974EB2}.Debug|x86.ActiveCfg = Debug|Any CPU
		{7301DD07-33B2-42AC-B60D-A72F02974EB2}.Debug|x86.Build.0 = Debug|Any CPU
		{7301DD07-33B2-42AC-B60D-A72F02974EB2}.Release|Any CPU.ActiveCfg = Release|Any CPU
		{7301DD07-33B2-42AC-B60D-A72F02974EB2}.Release|Any CPU.Build.0 = Release|Any CPU
		{7301DD07-33B2-42AC-B60D-A72F02974EB2}.Release|x64.ActiveCfg = Release|Any CPU
		{7301DD07-33B2-42AC-B60D-A72F02974EB2}.Release|x64.Build.0 = Release|Any CPU
		{7301DD07-33B2-42AC-B60D-A72F02974EB2}.Release|x86.ActiveCfg = Release|Any CPU
		{7301DD07-33B2-42AC-B60D-A72F02974EB2}.Release|x86.Build.0 = Release|Any CPU
		{336CA03F-2770-4094-82C9-DF4F1BA7410B}.Debug|Any CPU.ActiveCfg = Debug|Any CPU
		{336CA03F-2770-4094-82C9-DF4F1BA7410B}.Debug|Any CPU.Build.0 = Debug|Any CPU
		{336CA03F-2770-4094-82C9-DF4F1BA7410B}.Debug|x64.ActiveCfg = Debug|Any CPU
		{336CA03F-2770-4094-82C9-DF4F1BA7410B}.Debug|x64.Build.0 = Debug|Any CPU
		{336CA03F-2770-4094-82C9-DF4F1BA7410B}.Debug|x86.ActiveCfg = Debug|Any CPU
		{336CA03F-2770-4094-82C9-DF4F1BA7410B}.Debug|x86.Build.0 = Debug|Any CPU
		{336CA03F-2770-4094-82C9-DF4F1BA7410B}.Release|Any CPU.ActiveCfg = Release|Any CPU
		{336CA03F-2770-4094-82C9-DF4F1BA7410B}.Release|Any CPU.Build.0 = Release|Any CPU
		{336CA03F-2770-4094-82C9-DF4F1BA7410B}.Release|x64.ActiveCfg = Release|Any CPU
		{336CA03F-2770-4094-82C9-DF4F1BA7410B}.Release|x64.Build.0 = Release|Any CPU
		{336CA03F-2770-4094-82C9-DF4F1BA7410B}.Release|x86.ActiveCfg = Release|Any CPU
		{336CA03F-2770-4094-82C9-DF4F1BA7410B}.Release|x86.Build.0 = Release|Any CPU
		{6EEACB5C-5F6E-4A71-8005-8E473586A82A}.Debug|Any CPU.ActiveCfg = Debug|Any CPU
		{6EEACB5C-5F6E-4A71-8005-8E473586A82A}.Debug|Any CPU.Build.0 = Debug|Any CPU
		{6EEACB5C-5F6E-4A71-8005-8E473586A82A}.Debug|x64.ActiveCfg = Debug|Any CPU
		{6EEACB5C-5F6E-4A71-8005-8E473586A82A}.Debug|x64.Build.0 = Debug|Any CPU
		{6EEACB5C-5F6E-4A71-8005-8E473586A82A}.Debug|x86.ActiveCfg = Debug|Any CPU
		{6EEACB5C-5F6E-4A71-8005-8E473586A82A}.Debug|x86.Build.0 = Debug|Any CPU
		{6EEACB5C-5F6E-4A71-8005-8E473586A82A}.Release|Any CPU.ActiveCfg = Release|Any CPU
		{6EEACB5C-5F6E-4A71-8005-8E473586A82A}.Release|Any CPU.Build.0 = Release|Any CPU
		{6EEACB5C-5F6E-4A71-8005-8E473586A82A}.Release|x64.ActiveCfg = Release|Any CPU
		{6EEACB5C-5F6E-4A71-8005-8E473586A82A}.Release|x64.Build.0 = Release|Any CPU
		{6EEACB5C-5F6E-4A71-8005-8E473586A82A}.Release|x86.ActiveCfg = Release|Any CPU
		{6EEACB5C-5F6E-4A71-8005-8E473586A82A}.Release|x86.Build.0 = Release|Any CPU
		{C39847EB-06D4-409E-94D1-4F83841FB2A1}.Debug|Any CPU.ActiveCfg = Debug|Any CPU
		{C39847EB-06D4-409E-94D1-4F83841FB2A1}.Debug|Any CPU.Build.0 = Debug|Any CPU
		{C39847EB-06D4-409E-94D1-4F83841FB2A1}.Debug|x64.ActiveCfg = Debug|Any CPU
		{C39847EB-06D4-409E-94D1-4F83841FB2A1}.Debug|x64.Build.0 = Debug|Any CPU
		{C39847EB-06D4-409E-94D1-4F83841FB2A1}.Debug|x86.ActiveCfg = Debug|Any CPU
		{C39847EB-06D4-409E-94D1-4F83841FB2A1}.Debug|x86.Build.0 = Debug|Any CPU
		{C39847EB-06D4-409E-94D1-4F83841FB2A1}.Release|Any CPU.ActiveCfg = Release|Any CPU
		{C39847EB-06D4-409E-94D1-4F83841FB2A1}.Release|Any CPU.Build.0 = Release|Any CPU
		{C39847EB-06D4-409E-94D1-4F83841FB2A1}.Release|x64.ActiveCfg = Release|Any CPU
		{C39847EB-06D4-409E-94D1-4F83841FB2A1}.Release|x64.Build.0 = Release|Any CPU
		{C39847EB-06D4-409E-94D1-4F83841FB2A1}.Release|x86.ActiveCfg = Release|Any CPU
		{C39847EB-06D4-409E-94D1-4F83841FB2A1}.Release|x86.Build.0 = Release|Any CPU
		{84A8E3AC-F9FF-41B7-A3E8-B5B2FB9F697A}.Debug|Any CPU.ActiveCfg = Debug|Any CPU
		{84A8E3AC-F9FF-41B7-A3E8-B5B2FB9F697A}.Debug|Any CPU.Build.0 = Debug|Any CPU
		{84A8E3AC-F9FF-41B7-A3E8-B5B2FB9F697A}.Debug|x64.ActiveCfg = Debug|Any CPU
		{84A8E3AC-F9FF-41B7-A3E8-B5B2FB9F697A}.Debug|x64.Build.0 = Debug|Any CPU
		{84A8E3AC-F9FF-41B7-A3E8-B5B2FB9F697A}.Debug|x86.ActiveCfg = Debug|Any CPU
		{84A8E3AC-F9FF-41B7-A3E8-B5B2FB9F697A}.Debug|x86.Build.0 = Debug|Any CPU
		{84A8E3AC-F9FF-41B7-A3E8-B5B2FB9F697A}.Release|Any CPU.ActiveCfg = Release|Any CPU
		{84A8E3AC-F9FF-41B7-A3E8-B5B2FB9F697A}.Release|Any CPU.Build.0 = Release|Any CPU
		{84A8E3AC-F9FF-41B7-A3E8-B5B2FB9F697A}.Release|x64.ActiveCfg = Release|Any CPU
		{84A8E3AC-F9FF-41B7-A3E8-B5B2FB9F697A}.Release|x64.Build.0 = Release|Any CPU
		{84A8E3AC-F9FF-41B7-A3E8-B5B2FB9F697A}.Release|x86.ActiveCfg = Release|Any CPU
		{84A8E3AC-F9FF-41B7-A3E8-B5B2FB9F697A}.Release|x86.Build.0 = Release|Any CPU
	EndGlobalSection
	GlobalSection(SolutionProperties) = preSolution
		HideSolutionNode = FALSE
	EndGlobalSection
	GlobalSection(NestedProjects) = preSolution
		{01E98B3D-1049-4094-A558-4BD3366F0D37} = {827E0CD3-B72D-47B6-A68D-7590B98EB39B}
		{ACFEB9A7-7D02-460F-8A81-672A9C797E64} = {827E0CD3-B72D-47B6-A68D-7590B98EB39B}
		{34C28189-D864-4435-98C7-233C7EDC4F89} = {827E0CD3-B72D-47B6-A68D-7590B98EB39B}
		{0F0779F4-299F-48B8-967F-7130A76BD6AA} = {827E0CD3-B72D-47B6-A68D-7590B98EB39B}
		{AA0771FC-9159-43EA-835C-4FAA9E1202DF} = {827E0CD3-B72D-47B6-A68D-7590B98EB39B}
		{946F83F2-1784-4146-8FC8-3E3E8F174EA2} = {827E0CD3-B72D-47B6-A68D-7590B98EB39B}
		{7B343D5A-3864-420E-AA80-0A2AE88AD7D6} = {827E0CD3-B72D-47B6-A68D-7590B98EB39B}
		{60CE9636-457A-4F49-A674-959024776862} = {827E0CD3-B72D-47B6-A68D-7590B98EB39B}
		{9CBF8296-9E60-42F7-9F80-584515A3AE70} = {827E0CD3-B72D-47B6-A68D-7590B98EB39B}
		{1733324E-319D-4CC6-91A9-00F69A128E3A} = {827E0CD3-B72D-47B6-A68D-7590B98EB39B}
		{311CE88E-901D-48F9-8B8C-15DEF9E241C3} = {827E0CD3-B72D-47B6-A68D-7590B98EB39B}
		{055521A0-8EE2-43F2-A1E1-57624B501623} = {827E0CD3-B72D-47B6-A68D-7590B98EB39B}
		{7301DD07-33B2-42AC-B60D-A72F02974EB2} = {827E0CD3-B72D-47B6-A68D-7590B98EB39B}
		{336CA03F-2770-4094-82C9-DF4F1BA7410B} = {827E0CD3-B72D-47B6-A68D-7590B98EB39B}
		{6EEACB5C-5F6E-4A71-8005-8E473586A82A} = {827E0CD3-B72D-47B6-A68D-7590B98EB39B}
		{C39847EB-06D4-409E-94D1-4F83841FB2A1} = {827E0CD3-B72D-47B6-A68D-7590B98EB39B}
		{84A8E3AC-F9FF-41B7-A3E8-B5B2FB9F697A} = {827E0CD3-B72D-47B6-A68D-7590B98EB39B}
	EndGlobalSection
EndGlobal
